// !$*UTF8*$!
{
	archiveVersion = 1;
	classes = {
	};
	objectVersion = 46;
	objects = {

/* Begin PBXBuildFile section */
		4B09DD3D1D115D7D00CAD276 /* UIImagePickerController+GM.m in Sources */ = {isa = PBXBuildFile; fileRef = 4B09DD3C1D115D7D00CAD276 /* UIImagePickerController+GM.m */; };
		4B4A02CB1D10FEFB005683C3 /* main.m in Sources */ = {isa = PBXBuildFile; fileRef = 4B4A02CA1D10FEFB005683C3 /* main.m */; };
		4B4A02D61D10FEFB005683C3 /* Assets.xcassets in Resources */ = {isa = PBXBuildFile; fileRef = 4B4A02D51D10FEFB005683C3 /* Assets.xcassets */; };
		4B4A02D91D10FEFB005683C3 /* LaunchScreen.storyboard in Resources */ = {isa = PBXBuildFile; fileRef = 4B4A02D71D10FEFB005683C3 /* LaunchScreen.storyboard */; };
		4B4A02E31D10FFF8005683C3 /* TestBedViewController.m in Sources */ = {isa = PBXBuildFile; fileRef = 4B4A02E21D10FFF8005683C3 /* TestBedViewController.m */; };
		4B4A02E71D1105A8005683C3 /* UIView+AutoLayout.m in Sources */ = {isa = PBXBuildFile; fileRef = 4B4A02E61D1105A8005683C3 /* UIView+AutoLayout.m */; };
/* End PBXBuildFile section */

/* Begin PBXFileReference section */
		4B09DD3B1D115D7D00CAD276 /* UIImagePickerController+GM.h */ = {isa = PBXFileReference; fileEncoding = 4; lastKnownFileType = sourcecode.c.h; path = "UIImagePickerController+GM.h"; sourceTree = "<group>"; };
		4B09DD3C1D115D7D00CAD276 /* UIImagePickerController+GM.m */ = {isa = PBXFileReference; fileEncoding = 4; lastKnownFileType = sourcecode.c.objc; path = "UIImagePickerController+GM.m"; sourceTree = "<group>"; };
		4B4A02C61D10FEFB005683C3 /* CommonControllers-C08.app */ = {isa = PBXFileReference; explicitFileType = wrapper.application; includeInIndex = 0; path = "CommonControllers-C08.app"; sourceTree = BUILT_PRODUCTS_DIR; };
		4B4A02CA1D10FEFB005683C3 /* main.m */ = {isa = PBXFileReference; lastKnownFileType = sourcecode.c.objc; path = main.m; sourceTree = "<group>"; };
		4B4A02D51D10FEFB005683C3 /* Assets.xcassets */ = {isa = PBXFileReference; lastKnownFileType = folder.assetcatalog; path = Assets.xcassets; sourceTree = "<group>"; };
		4B4A02D81D10FEFB005683C3 /* Base */ = {isa = PBXFileReference; lastKnownFileType = file.storyboard; name = Base; path = Base.lproj/LaunchScreen.storyboard; sourceTree = "<group>"; };
		4B4A02DA1D10FEFB005683C3 /* Info.plist */ = {isa = PBXFileReference; lastKnownFileType = text.plist.xml; path = Info.plist; sourceTree = "<group>"; };
		4B4A02E01D10FF76005683C3 /* Utility.h */ = {isa = PBXFileReference; fileEncoding = 4; lastKnownFileType = sourcecode.c.h; path = Utility.h; sourceTree = "<group>"; };
		4B4A02E11D10FFF8005683C3 /* TestBedViewController.h */ = {isa = PBXFileReference; fileEncoding = 4; lastKnownFileType = sourcecode.c.h; path = TestBedViewController.h; sourceTree = "<group>"; };
		4B4A02E21D10FFF8005683C3 /* TestBedViewController.m */ = {isa = PBXFileReference; fileEncoding = 4; lastKnownFileType = sourcecode.c.objc; path = TestBedViewController.m; sourceTree = "<group>"; };
		4B4A02E51D1105A8005683C3 /* UIView+AutoLayout.h */ = {isa = PBXFileReference; fileEncoding = 4; lastKnownFileType = sourcecode.c.h; path = "UIView+AutoLayout.h"; sourceTree = "<group>"; };
		4B4A02E61D1105A8005683C3 /* UIView+AutoLayout.m */ = {isa = PBXFileReference; fileEncoding = 4; lastKnownFileType = sourcecode.c.objc; path = "UIView+AutoLayout.m"; sourceTree = "<group>"; };
/* End PBXFileReference section */

/* Begin PBXFrameworksBuildPhase section */
		4B4A02C31D10FEFB005683C3 /* Frameworks */ = {
			isa = PBXFrameworksBuildPhase;
			buildActionMask = 2147483647;
			files = (
			);
			runOnlyForDeploymentPostprocessing = 0;
		};
/* End PBXFrameworksBuildPhase section */

/* Begin PBXGroup section */
		4B4A02BD1D10FEFB005683C3 = {
			isa = PBXGroup;
			children = (
				4B4A02C81D10FEFB005683C3 /* CommonControllers-C08 */,
				4B4A02C71D10FEFB005683C3 /* Products */,
			);
			sourceTree = "<group>";
		};
		4B4A02C71D10FEFB005683C3 /* Products */ = {
			isa = PBXGroup;
			children = (
				4B4A02C61D10FEFB005683C3 /* CommonControllers-C08.app */,
			);
			name = Products;
			sourceTree = "<group>";
		};
		4B4A02C81D10FEFB005683C3 /* CommonControllers-C08 */ = {
			isa = PBXGroup;
			children = (
				4B4A02E41D1105A8005683C3 /* UIView+AutoLayout */,
				4B4A02D51D10FEFB005683C3 /* Assets.xcassets */,
				4B4A02D71D10FEFB005683C3 /* LaunchScreen.storyboard */,
				4B4A02DA1D10FEFB005683C3 /* Info.plist */,
				4B4A02E01D10FF76005683C3 /* Utility.h */,
				4B4A02CA1D10FEFB005683C3 /* main.m */,
				4B4A02E11D10FFF8005683C3 /* TestBedViewController.h */,
				4B4A02E21D10FFF8005683C3 /* TestBedViewController.m */,
				4B09DD3B1D115D7D00CAD276 /* UIImagePickerController+GM.h */,
				4B09DD3C1D115D7D00CAD276 /* UIImagePickerController+GM.m */,
			);
			path = "CommonControllers-C08";
			sourceTree = "<group>";
		};
		4B4A02E41D1105A8005683C3 /* UIView+AutoLayout */ = {
			isa = PBXGroup;
			children = (
				4B4A02E51D1105A8005683C3 /* UIView+AutoLayout.h */,
				4B4A02E61D1105A8005683C3 /* UIView+AutoLayout.m */,
			);
			path = "UIView+AutoLayout";
			sourceTree = "<group>";
		};
/* End PBXGroup section */

/* Begin PBXNativeTarget section */
		4B4A02C51D10FEFB005683C3 /* CommonControllers-C08 */ = {
			isa = PBXNativeTarget;
			buildConfigurationList = 4B4A02DD1D10FEFB005683C3 /* Build configuration list for PBXNativeTarget "CommonControllers-C08" */;
			buildPhases = (
				4B4A02C21D10FEFB005683C3 /* Sources */,
				4B4A02C31D10FEFB005683C3 /* Frameworks */,
				4B4A02C41D10FEFB005683C3 /* Resources */,
			);
			buildRules = (
			);
			dependencies = (
			);
			name = "CommonControllers-C08";
			productName = "CommonControllers-C08";
			productReference = 4B4A02C61D10FEFB005683C3 /* CommonControllers-C08.app */;
			productType = "com.apple.product-type.application";
		};
/* End PBXNativeTarget section */

/* Begin PBXProject section */
		4B4A02BE1D10FEFB005683C3 /* Project object */ = {
			isa = PBXProject;
			attributes = {
				LastUpgradeCheck = 0730;
				ORGANIZATIONNAME = BobZhang;
				TargetAttributes = {
					4B4A02C51D10FEFB005683C3 = {
						CreatedOnToolsVersion = 7.3.1;
						DevelopmentTeam = 9R3WHNFTF3;
					};
				};
			};
			buildConfigurationList = 4B4A02C11D10FEFB005683C3 /* Build configuration list for PBXProject "CommonControllers-C08" */;
			compatibilityVersion = "Xcode 3.2";
			developmentRegion = English;
			hasScannedForEncodings = 0;
			knownRegions = (
				en,
				Base,
			);
			mainGroup = 4B4A02BD1D10FEFB005683C3;
			productRefGroup = 4B4A02C71D10FEFB005683C3 /* Products */;
			projectDirPath = "";
			projectRoot = "";
			targets = (
				4B4A02C51D10FEFB005683C3 /* CommonControllers-C08 */,
			);
		};
/* End PBXProject section */

/* Begin PBXResourcesBuildPhase section */
		4B4A02C41D10FEFB005683C3 /* Resources */ = {
			isa = PBXResourcesBuildPhase;
			buildActionMask = 2147483647;
			files = (
				4B4A02D91D10FEFB005683C3 /* LaunchScreen.storyboard in Resources */,
				4B4A02D61D10FEFB005683C3 /* Assets.xcassets in Resources */,
			);
			runOnlyForDeploymentPostprocessing = 0;
		};
/* End PBXResourcesBuildPhase section */

/* Begin PBXSourcesBuildPhase section */
		4B4A02C21D10FEFB005683C3 /* Sources */ = {
			isa = PBXSourcesBuildPhase;
			buildActionMask = 2147483647;
			files = (
				4B4A02E31D10FFF8005683C3 /* TestBedViewController.m in Sources */,
				4B09DD3D1D115D7D00CAD276 /* UIImagePickerController+GM.m in Sources */,
				4B4A02E71D1105A8005683C3 /* UIView+AutoLayout.m in Sources */,
				4B4A02CB1D10FEFB005683C3 /* main.m in Sources */,
			);
			runOnlyForDeploymentPostprocessing = 0;
		};
/* End PBXSourcesBuildPhase section */

/* Begin PBXVariantGroup section */
		4B4A02D71D10FEFB005683C3 /* LaunchScreen.storyboard */ = {
			isa = PBXVariantGroup;
			children = (
				4B4A02D81D10FEFB005683C3 /* Base */,
			);
			name = LaunchScreen.storyboard;
			sourceTree = "<group>";
		};
/* End PBXVariantGroup section */

/* Begin XCBuildConfiguration section */
		4B4A02DB1D10FEFB005683C3 /* Debug */ = {
			isa = XCBuildConfiguration;
			buildSettings = {
				ALWAYS_SEARCH_USER_PATHS = NO;
				CLANG_ANALYZER_NONNULL = YES;
				CLANG_CXX_LANGUAGE_STANDARD = "gnu++0x";
				CLANG_CXX_LIBRARY = "libc++";
				CLANG_ENABLE_MODULES = YES;
				CLANG_ENABLE_OBJC_ARC = YES;
				CLANG_WARN_BOOL_CONVERSION = YES;
				CLANG_WARN_CONSTANT_CONVERSION = YES;
				CLANG_WARN_DIRECT_OBJC_ISA_USAGE = YES_ERROR;
				CLANG_WARN_EMPTY_BODY = YES;
				CLANG_WARN_ENUM_CONVERSION = YES;
				CLANG_WARN_INT_CONVERSION = YES;
				CLANG_WARN_OBJC_ROOT_CLASS = YES_ERROR;
				CLANG_WARN_UNREACHABLE_CODE = YES;
				CLANG_WARN__DUPLICATE_METHOD_MATCH = YES;
				"CODE_SIGN_IDENTITY[sdk=iphoneos*]" = "iPhone Developer";
				COPY_PHASE_STRIP = NO;
				DEBUG_INFORMATION_FORMAT = dwarf;
				ENABLE_STRICT_OBJC_MSGSEND = YES;
				ENABLE_TESTABILITY = YES;
				GCC_C_LANGUAGE_STANDARD = gnu99;
				GCC_DYNAMIC_NO_PIC = NO;
				GCC_NO_COMMON_BLOCKS = YES;
				GCC_OPTIMIZATION_LEVEL = 0;
				GCC_PREPROCESSOR_DEFINITIONS = (
					"DEBUG=1",
					"$(inherited)",
				);
				GCC_WARN_64_TO_32_BIT_CONVERSION = YES;
				GCC_WARN_ABOUT_RETURN_TYPE = YES_ERROR;
				GCC_WARN_UNDECLARED_SELECTOR = YES;
				GCC_WARN_UNINITIALIZED_AUTOS = YES_AGGRESSIVE;
				GCC_WARN_UNUSED_FUNCTION = YES;
				GCC_WARN_UNUSED_VARIABLE = YES;
				IPHONEOS_DEPLOYMENT_TARGET = 9.3;
				MTL_ENABLE_DEBUG_INFO = YES;
				ONLY_ACTIVE_ARCH = YES;
				SDKROOT = iphoneos;
				TARGETED_DEVICE_FAMILY = "1,2";
			};
			name = Debug;
		};
		4B4A02DC1D10FEFB005683C3 /* Release */ = {
			isa = XCBuildConfiguration;
			buildSettings = {
				ALWAYS_SEARCH_USER_PATHS = NO;
				CLANG_ANALYZER_NONNULL = YES;
				CLANG_CXX_LANGUAGE_STANDARD = "gnu++0x";
				CLANG_CXX_LIBRARY = "libc++";
				CLANG_ENABLE_MODULES = YES;
				CLANG_ENABLE_OBJC_ARC = YES;
				CLANG_WARN_BOOL_CONVERSION = YES;
				CLANG_WARN_CONSTANT_CONVERSION = YES;
				CLANG_WARN_DIRECT_OBJC_ISA_USAGE = YES_ERROR;
				CLANG_WARN_EMPTY_BODY = YES;
				CLANG_WARN_ENUM_CONVERSION = YES;
				CLANG_WARN_INT_CONVERSION = YES;
				CLANG_WARN_OBJC_ROOT_CLASS = YES_ERROR;
				CLANG_WARN_UNREACHABLE_CODE = YES;
				CLANG_WARN__DUPLICATE_METHOD_MATCH = YES;
				"CODE_SIGN_IDENTITY[sdk=iphoneos*]" = "iPhone Developer";
				COPY_PHASE_STRIP = NO;
				DEBUG_INFORMATION_FORMAT = "dwarf-with-dsym";
				ENABLE_NS_ASSERTIONS = NO;
				ENABLE_STRICT_OBJC_MSGSEND = YES;
				GCC_C_LANGUAGE_STANDARD = gnu99;
				GCC_NO_COMMON_BLOCKS = YES;
				GCC_WARN_64_TO_32_BIT_CONVERSION = YES;
				GCC_WARN_ABOUT_RETURN_TYPE = YES_ERROR;
				GCC_WARN_UNDECLARED_SELECTOR = YES;
				GCC_WARN_UNINITIALIZED_AUTOS = YES_AGGRESSIVE;
				GCC_WARN_UNUSED_FUNCTION = YES;
				GCC_WARN_UNUSED_VARIABLE = YES;
				IPHONEOS_DEPLOYMENT_TARGET = 9.3;
				MTL_ENABLE_DEBUG_INFO = NO;
				SDKROOT = iphoneos;
				TARGETED_DEVICE_FAMILY = "1,2";
				VALIDATE_PRODUCT = YES;
			};
			name = Release;
		};
		4B4A02DE1D10FEFB005683C3 /* Debug */ = {
			isa = XCBuildConfiguration;
			buildSettings = {
				ASSETCATALOG_COMPILER_APPICON_NAME = AppIcon;
				CODE_SIGN_IDENTITY = "iPhone Developer";
				"CODE_SIGN_IDENTITY[sdk=iphoneos*]" = "iPhone Developer";
				INFOPLIST_FILE = "CommonControllers-C08/Info.plist";
				IPHONEOS_DEPLOYMENT_TARGET = 8.0;
				LD_RUNPATH_SEARCH_PATHS = "$(inherited) @executable_path/Frameworks";
				PRODUCT_BUNDLE_IDENTIFIER = "com.ZhangBaoGuo.CommonControllers-C08";
				PRODUCT_NAME = "$(TARGET_NAME)";
				PROVISIONING_PROFILE = "";
			};
			name = Debug;
		};
		4B4A02DF1D10FEFB005683C3 /* Release */ = {
			isa = XCBuildConfiguration;
			buildSettings = {
				ASSETCATALOG_COMPILER_APPICON_NAME = AppIcon;
				CODE_SIGN_IDENTITY = "iPhone Developer";
				"CODE_SIGN_IDENTITY[sdk=iphoneos*]" = "iPhone Developer";
				INFOPLIST_FILE = "CommonControllers-C08/Info.plist";
				IPHONEOS_DEPLOYMENT_TARGET = 8.0;
				LD_RUNPATH_SEARCH_PATHS = "$(inherited) @executable_path/Frameworks";
				PRODUCT_BUNDLE_IDENTIFIER = "com.ZhangBaoGuo.CommonControllers-C08";
				PRODUCT_NAME = "$(TARGET_NAME)";
				PROVISIONING_PROFILE = "";
			};
			name = Release;
		};
/* End XCBuildConfiguration section */

/* Begin XCConfigurationList section */
		4B4A02C11D10FEFB005683C3 /* Build configuration list for PBXProject "CommonControllers-C08" */ = {
			isa = XCConfigurationList;
			buildConfigurations = (
				4B4A02DB1D10FEFB005683C3 /* Debug */,
				4B4A02DC1D10FEFB005683C3 /* Release */,
			);
			defaultConfigurationIsVisible = 0;
			defaultConfigurationName = Release;
		};
		4B4A02DD1D10FEFB005683C3 /* Build configuration list for PBXNativeTarget "CommonControllers-C08" */ = {
			isa = XCConfigurationList;
			buildConfigurations = (
				4B4A02DE1D10FEFB005683C3 /* Debug */,
				4B4A02DF1D10FEFB005683C3 /* Release */,
			);
			defaultConfigurationIsVisible = 0;
			defaultConfigurationName = Release;
		};
/* End XCConfigurationList section */
	};
	rootObject = 4B4A02BE1D10FEFB005683C3 /* Project object */;
}
